
Microsoft Visual Studio Solution File, Format Version 12.00
# Visual Studio 15
VisualStudioVersion = 15.0.26510.0
MinimumVisualStudioVersion = 10.0.40219.1
Project("{9A19103F-16F7-4668-BE54-9A1E7A4F7556}") = "image-resize-web-app", "image-resize-web-app\image-resize-web-app.csproj", "{22052233-1794-4E38-B17A-DFCEBC57A8D9}"
EndProject
Global
	GlobalSection(SolutionConfigurationPlatforms) = preSolution
		Debug|Any CPU = Debug|Any CPU
		Release|Any CPU = Release|Any CPU
	EndGlobalSection
	GlobalSection(ProjectConfigurationPlatforms) = postSolution
		{22052233-1794-4E38-B17A-DFCEBC57A8D9}.Debug|Any CPU.ActiveCfg = Debug|Any CPU
		{22052233-1794-4E38-B17A-DFCEBC57A8D9}.Debug|Any CPU.Build.0 = Debug|Any CPU
		{22052233-1794-4E38-B17A-DFCEBC57A8D9}.Release|Any CPU.ActiveCfg = Release|Any CPU
		{22052233-1794-4E38-B17A-DFCEBC57A8D9}.Release|Any CPU.Build.0 = Release|Any CPU
	EndGlobalSection
	GlobalSection(SolutionProperties) = preSolution
		HideSolutionNode = FALSE
	EndGlobalSection
EndGlobal
